
Microsoft Visual Studio Solution File, Format Version 12.00
# Visual Studio Version 17
VisualStudioVersion = 17.3.32811.315
MinimumVisualStudioVersion = 10.0.40219.1
Project("{FAE04EC0-301F-11D3-BF4B-00C04F79EFBC}") = "CabInvoiceGenerator", "CabInvoiceGenerator.csproj", "{81C8BD59-D361-4B29-B284-F6C3902D5DE9}"
EndProject
Global
	GlobalSection(SolutionConfigurationPlatforms) = preSolution
		Debug|Any CPU = Debug|Any CPU
		Release|Any CPU = Release|Any CPU
	EndGlobalSection
	GlobalSection(ProjectConfigurationPlatforms) = postSolution
		{81C8BD59-D361-4B29-B284-F6C3902D5DE9}.Debug|Any CPU.ActiveCfg = Debug|Any CPU
		{81C8BD59-D361-4B29-B284-F6C3902D5DE9}.Debug|Any CPU.Build.0 = Debug|Any CPU
		{81C8BD59-D361-4B29-B284-F6C3902D5DE9}.Release|Any CPU.ActiveCfg = Release|Any CPU
		{81C8BD59-D361-4B29-B284-F6C3902D5DE9}.Release|Any CPU.Build.0 = Release|Any CPU
	EndGlobalSection
	GlobalSection(SolutionProperties) = preSolution
		HideSolutionNode = FALSE
	EndGlobalSection
	GlobalSection(ExtensibilityGlobals) = postSolution
		SolutionGuid = {3C11AD72-1AAE-4E2B-9D3E-B9A37ED0D286}
	EndGlobalSection
EndGlobal
